[[package]]
name = "typing-extensions"
version = "4.4.0"
description = "Backported and Experimental Type Hints for Python 3.7+"
category = "main"
optional = false
python-versions = ">=3.7"

[metadata]
lock-version = "1.1"
python-versions = "^3.10"
content-hash = "b68f596e0772b5e23b75fbec9bac3b8e4036cf99ae2485c6b5366cd291dbf19a"

[metadata.files]
typing-extensions = []
